<?xml version="1.0" encoding="utf-8"?>
<Project ToolsVersion="4.0" xmlns="http://schemas.microsoft.com/developer/msbuild/2003">
  <ItemGroup>
    <Filter Include="Source Files">
      <UniqueIdentifier>{4FC737F1-C7A5-4376-A066-2A32D752A2FF}</UniqueIdentifier>
      <Extensions>cpp;c;cc;cxx;def;odl;idl;hpj;bat;asm;asmx</Extensions>
    </Filter>
    <Filter Include="Header Files">
      <UniqueIdentifier>{93995380-89BD-4b04-88EB-625FBE52EBFB}</UniqueIdentifier>
      <Extensions>h;hh;hpp;hxx;hm;inl;inc;xsd</Extensions>
    </Filter>
    <Filter Include="Resource Files">
      <UniqueIdentifier>{67DA6AB6-F800-4c08-8B7A-83BB121AAD01}</UniqueIdentifier>
      <Extensions>rc;ico;cur;bmp;dlg;rc2;rct;bin;rgs;gif;jpg;jpeg;jpe;resx;tiff;tif;png;wav;mfcribbon-ms</Extensions>
    </Filter>
    <Filter Include="Header Files\Framework">
      <UniqueIdentifier>{0a84f38a-74d5-487c-8f3d-6d0ca8414745}</UniqueIdentifier>
    </Filter>
    <Filter Include="Source Files\Framework">
      <UniqueIdentifier>{6308cec7-cf6a-4c3f-a404-b7817a32afa7}</UniqueIdentifier>
    </Filter>
    <Filter Include="Git">
      <UniqueIdentifier>{e3d0e621-ec42-4d9f-ac01-1e614099d892}</UniqueIdentifier>
    </Filter>
    <Filter Include="Header Files\Framework\UI">
      <UniqueIdentifier>{c7f50e41-eb80-4c3b-b6e4-9f950b8bb1a4}</UniqueIdentifier>
    </Filter>
    <Filter Include="Source Files\Framework\UI">
      <UniqueIdentifier>{2909d634-b3b3-4f23-af50-4ebee5dc51ab}</UniqueIdentifier>
    </Filter>
  </ItemGroup>
  <ItemGroup>
    <ClInclude Include="stdafx.h">
      <Filter>Header Files</Filter>
    </ClInclude>
    <ClInclude Include="targetver.h">
      <Filter>Header Files</Filter>
    </ClInclude>
    <ClInclude Include="Resource.h">
      <Filter>Header Files</Filter>
    </ClInclude>
    <ClInclude Include="Framework.h">
      <Filter>Header Files</Filter>
    </ClInclude>
    <ClInclude Include="IRenderer.h">
      <Filter>Header Files\Framework</Filter>
    </ClInclude>
    <ClInclude Include="Types.h">
      <Filter>Header Files\Framework</Filter>
    </ClInclude>
    <ClInclude Include="FWSDK.h">
      <Filter>Header Files\Framework</Filter>
    </ClInclude>
    <ClInclude Include="D3D.h">
      <Filter>Header Files</Filter>
    </ClInclude>
    <ClInclude Include="UIObject.h">
      <Filter>Header Files\Framework\UI</Filter>
    </ClInclude>
    <ClInclude Include="UIWindow.h">
      <Filter>Header Files\Framework\UI</Filter>
    </ClInclude>
    <ClInclude Include="UIMouse.h">
      <Filter>Header Files\Framework\UI</Filter>
    </ClInclude>
    <ClInclude Include="UIMain.h">
      <Filter>Header Files\Framework\UI</Filter>
    </ClInclude>
    <ClInclude Include="UIKeyboard.h">
      <Filter>Header Files\Framework\UI</Filter>
    </ClInclude>
  </ItemGroup>
  <ItemGroup>
    <ClCompile Include="stdafx.cpp">
      <Filter>Source Files</Filter>
    </ClCompile>
    <ClCompile Include="Framework.cpp">
      <Filter>Source Files</Filter>
    </ClCompile>
    <ClCompile Include="IRenderer.cpp">
      <Filter>Source Files\Framework</Filter>
    </ClCompile>
    <ClCompile Include="D3D.cpp">
      <Filter>Source Files</Filter>
    </ClCompile>
    <ClCompile Include="Types.cpp">
      <Filter>Source Files\Framework</Filter>
    </ClCompile>
    <ClCompile Include="UIWindow.cpp">
      <Filter>Source Files\Framework\UI</Filter>
    </ClCompile>
    <ClCompile Include="UIMain.cpp">
      <Filter>Source Files\Framework\UI</Filter>
    </ClCompile>
  </ItemGroup>
  <ItemGroup>
    <ResourceCompile Include="Framework.rc">
      <Filter>Resource Files</Filter>
    </ResourceCompile>
  </ItemGroup>
  <ItemGroup>
    <Image Include="small.ico">
      <Filter>Resource Files</Filter>
    </Image>
    <Image Include="Framework.ico">
      <Filter>Resource Files</Filter>
    </Image>
  </ItemGroup>
  <ItemGroup>
    <None Include="..\LICENSE">
      <Filter>Git</Filter>
    </None>
    <None Include="..\README.md">
      <Filter>Git</Filter>
    </None>
  </ItemGroup>
</Project>